
Microsoft Visual Studio Solution File, Format Version 12.00
# Visual Studio Version 16
VisualStudioVersion = 16.0.30804.86
MinimumVisualStudioVersion = 10.0.40219.1
Project("{9A19103F-16F7-4668-BE54-9A1E7A4F7556}") = "ASP.NETCoreWebApplication", "ASP.NETCoreWebApplication\ASP.NETCoreWebApplication.csproj", "{B05F5FA6-9480-4E2A-B5D4-A4664FC7F0F2}"
EndProject
Global
	GlobalSection(SolutionConfigurationPlatforms) = preSolution
		Debug|Any CPU = Debug|Any CPU
		Release|Any CPU = Release|Any CPU
	EndGlobalSection
	GlobalSection(ProjectConfigurationPlatforms) = postSolution
		{B05F5FA6-9480-4E2A-B5D4-A4664FC7F0F2}.Debug|Any CPU.ActiveCfg = Debug|Any CPU
		{B05F5FA6-9480-4E2A-B5D4-A4664FC7F0F2}.Debug|Any CPU.Build.0 = Debug|Any CPU
		{B05F5FA6-9480-4E2A-B5D4-A4664FC7F0F2}.Release|Any CPU.ActiveCfg = Release|Any CPU
		{B05F5FA6-9480-4E2A-B5D4-A4664FC7F0F2}.Release|Any CPU.Build.0 = Release|Any CPU
	EndGlobalSection
	GlobalSection(SolutionProperties) = preSolution
		HideSolutionNode = FALSE
	EndGlobalSection
	GlobalSection(ExtensibilityGlobals) = postSolution
		SolutionGuid = {59941B68-8B66-4EA8-A54B-87E56D0A54FD}
	EndGlobalSection
EndGlobal
