
Microsoft Visual Studio Solution File, Format Version 12.00
Project("{FAE04EC0-301F-11D3-BF4B-00C04F79EFBC}") = "ASP.NETCoreWebApplication", "ASP.NETCoreWebApplication\ASP.NETCoreWebApplication.csproj", "{B05F5FA6-9480-4E2A-B5D4-A4664FC7F0F2}"
EndProject
Global
	GlobalSection(SolutionConfigurationPlatforms) = preSolution
		Debug|Any CPU = Debug|Any CPU
		Release|Any CPU = Release|Any CPU
	EndGlobalSection
	GlobalSection(ProjectConfigurationPlatforms) = postSolution
		{B05F5FA6-9480-4E2A-B5D4-A4664FC7F0F2}.Debug|Any CPU.ActiveCfg = Debug|Any CPU
		{B05F5FA6-9480-4E2A-B5D4-A4664FC7F0F2}.Debug|Any CPU.Build.0 = Debug|Any CPU
	EndGlobalSection
EndGlobal
